github.com/lib/pq v1.12.3 h1:tTWxr2YLKwIvK90ZXEw8GP7UFHtcbTtty8zsI+YjrfQ=
github.com/lib/pq v1.12.3/go.mod h1:/p+8NSbOcwzAEI7wiMXFlgydTwcgTr3OSKMsD2BitpA=
github.com/stellar/go-stellar-sdk v0.7.2 h1:LTO860ulPKRmsKgxGTAf8APL2nFtVvRKClhw2unGhyY=
github.com/stellar/go-stellar-sdk v0.7.2/go.mod h1:YTYl7/zFt7oIX5Y4WRgL+3d2upWQDLywlHunZ4fOxvc=
